
Microsoft Visual Studio Solution File, Format Version 12.00
# Visual Studio 15
VisualStudioVersion = 15.0.28307.779
MinimumVisualStudioVersion = 10.0.40219.1
Project("{FAE04EC0-301F-11D3-BF4B-00C04F79EFBC}") = "WindowsFormsApp7try", "WindowsFormsApp7try\WindowsFormsApp7try.csproj", "{C5EC9D5E-DAE9-4F19-B40B-CD96C64E456E}"
EndProject
Global
	GlobalSection(SolutionConfigurationPlatforms) = preSolution
		Debug|Any CPU = Debug|Any CPU
		Release|Any CPU = Release|Any CPU
	EndGlobalSection
	GlobalSection(ProjectConfigurationPlatforms) = postSolution
		{C5EC9D5E-DAE9-4F19-B40B-CD96C64E456E}.Debug|Any CPU.ActiveCfg = Debug|Any CPU
		{C5EC9D5E-DAE9-4F19-B40B-CD96C64E456E}.Debug|Any CPU.Build.0 = Debug|Any CPU
		{C5EC9D5E-DAE9-4F19-B40B-CD96C64E456E}.Release|Any CPU.ActiveCfg = Release|Any CPU
		{C5EC9D5E-DAE9-4F19-B40B-CD96C64E456E}.Release|Any CPU.Build.0 = Release|Any CPU
	EndGlobalSection
	GlobalSection(SolutionProperties) = preSolution
		HideSolutionNode = FALSE
	EndGlobalSection
	GlobalSection(ExtensibilityGlobals) = postSolution
		SolutionGuid = {6F92F19A-169A-4951-93F1-2BF59D73068E}
	EndGlobalSection
EndGlobal
